// !$*UTF8*$!
{
	archiveVersion = 1;
	classes = {
	};
	objectVersion = 55;
	objects = {

/* Begin PBXBuildFile section */
		558D7AEB28B1417A005571A7 /* AppDelegate.swift in Sources */ = {isa = PBXBuildFile; fileRef = 558D7AEA28B1417A005571A7 /* AppDelegate.swift */; };
		558D7AED28B1417A005571A7 /* SceneDelegate.swift in Sources */ = {isa = PBXBuildFile; fileRef = 558D7AEC28B1417A005571A7 /* SceneDelegate.swift */; };
		558D7AEF28B1417A005571A7 /* ViewController.swift in Sources */ = {isa = PBXBuildFile; fileRef = 558D7AEE28B1417A005571A7 /* ViewController.swift */; };
		558D7AF228B1417A005571A7 /* Main.storyboard in Resources */ = {isa = PBXBuildFile; fileRef = 558D7AF028B1417A005571A7 /* Main.storyboard */; };
		558D7AF428B1417D005571A7 /* Assets.xcassets in Resources */ = {isa = PBXBuildFile; fileRef = 558D7AF328B1417D005571A7 /* Assets.xcassets */; };
		558D7AF728B1417D005571A7 /* LaunchScreen.storyboard in Resources */ = {isa = PBXBuildFile; fileRef = 558D7AF528B1417D005571A7 /* LaunchScreen.storyboard */; };
		558D7B0228B1417D005571A7 /* Task3_CollectionViewTests.swift in Sources */ = {isa = PBXBuildFile; fileRef = 558D7B0128B1417D005571A7 /* Task3_CollectionViewTests.swift */; };
		558D7B0C28B1417D005571A7 /* Task3_CollectionViewUITests.swift in Sources */ = {isa = PBXBuildFile; fileRef = 558D7B0B28B1417D005571A7 /* Task3_CollectionViewUITests.swift */; };
		558D7B0E28B1417D005571A7 /* Task3_CollectionViewUITestsLaunchTests.swift in Sources */ = {isa = PBXBuildFile; fileRef = 558D7B0D28B1417D005571A7 /* Task3_CollectionViewUITestsLaunchTests.swift */; };
		558E791C28C3639300870698 /* CicrcleCollectionViewCell.swift in Sources */ = {isa = PBXBuildFile; fileRef = 558E791B28C3639300870698 /* CicrcleCollectionViewCell.swift */; };
/* End PBXBuildFile section */

/* Begin PBXContainerItemProxy section */
		558D7AFE28B1417D005571A7 /* PBXContainerItemProxy */ = {
			isa = PBXContainerItemProxy;
			containerPortal = 558D7ADF28B1417A005571A7 /* Project object */;
			proxyType = 1;
			remoteGlobalIDString = 558D7AE628B1417A005571A7;
			remoteInfo = "Task3 CollectionView";
		};
		558D7B0828B1417D005571A7 /* PBXContainerItemProxy */ = {
			isa = PBXContainerItemProxy;
			containerPortal = 558D7ADF28B1417A005571A7 /* Project object */;
			proxyType = 1;
			remoteGlobalIDString = 558D7AE628B1417A005571A7;
			remoteInfo = "Task3 CollectionView";
		};
/* End PBXContainerItemProxy section */

/* Begin PBXFileReference section */
		558D7AE728B1417A005571A7 /* Task3 CollectionView.app */ = {isa = PBXFileReference; explicitFileType = wrapper.application; includeInIndex = 0; path = "Task3 CollectionView.app"; sourceTree = BUILT_PRODUCTS_DIR; };
		558D7AEA28B1417A005571A7 /* AppDelegate.swift */ = {isa = PBXFileReference; lastKnownFileType = sourcecode.swift; path = AppDelegate.swift; sourceTree = "<group>"; };
		558D7AEC28B1417A005571A7 /* SceneDelegate.swift */ = {isa = PBXFileReference; lastKnownFileType = sourcecode.swift; path = SceneDelegate.swift; sourceTree = "<group>"; };
		558D7AEE28B1417A005571A7 /* ViewController.swift */ = {isa = PBXFileReference; lastKnownFileType = sourcecode.swift; path = ViewController.swift; sourceTree = "<group>"; };
		558D7AF128B1417A005571A7 /* Base */ = {isa = PBXFileReference; lastKnownFileType = file.storyboard; name = Base; path = Base.lproj/Main.storyboard; sourceTree = "<group>"; };
		558D7AF328B1417D005571A7 /* Assets.xcassets */ = {isa = PBXFileReference; lastKnownFileType = folder.assetcatalog; path = Assets.xcassets; sourceTree = "<group>"; };
		558D7AF628B1417D005571A7 /* Base */ = {isa = PBXFileReference; lastKnownFileType = file.storyboard; name = Base; path = Base.lproj/LaunchScreen.storyboard; sourceTree = "<group>"; };
		558D7AF828B1417D005571A7 /* Info.plist */ = {isa = PBXFileReference; lastKnownFileType = text.plist.xml; path = Info.plist; sourceTree = "<group>"; };
		558D7AFD28B1417D005571A7 /* Task3 CollectionViewTests.xctest */ = {isa = PBXFileReference; explicitFileType = wrapper.cfbundle; includeInIndex = 0; path = "Task3 CollectionViewTests.xctest"; sourceTree = BUILT_PRODUCTS_DIR; };
		558D7B0128B1417D005571A7 /* Task3_CollectionViewTests.swift */ = {isa = PBXFileReference; lastKnownFileType = sourcecode.swift; path = Task3_CollectionViewTests.swift; sourceTree = "<group>"; };
		558D7B0728B1417D005571A7 /* Task3 CollectionViewUITests.xctest */ = {isa = PBXFileReference; explicitFileType = wrapper.cfbundle; includeInIndex = 0; path = "Task3 CollectionViewUITests.xctest"; sourceTree = BUILT_PRODUCTS_DIR; };
		558D7B0B28B1417D005571A7 /* Task3_CollectionViewUITests.swift */ = {isa = PBXFileReference; lastKnownFileType = sourcecode.swift; path = Task3_CollectionViewUITests.swift; sourceTree = "<group>"; };
		558D7B0D28B1417D005571A7 /* Task3_CollectionViewUITestsLaunchTests.swift */ = {isa = PBXFileReference; lastKnownFileType = sourcecode.swift; path = Task3_CollectionViewUITestsLaunchTests.swift; sourceTree = "<group>"; };
		558E791B28C3639300870698 /* CicrcleCollectionViewCell.swift */ = {isa = PBXFileReference; lastKnownFileType = sourcecode.swift; path = CicrcleCollectionViewCell.swift; sourceTree = "<group>"; };
/* End PBXFileReference section */

/* Begin PBXFrameworksBuildPhase section */
		558D7AE428B1417A005571A7 /* Frameworks */ = {
			isa = PBXFrameworksBuildPhase;
			buildActionMask = 2147483647;
			files = (
			);
			runOnlyForDeploymentPostprocessing = 0;
		};
		558D7AFA28B1417D005571A7 /* Frameworks */ = {
			isa = PBXFrameworksBuildPhase;
			buildActionMask = 2147483647;
			files = (
			);
			runOnlyForDeploymentPostprocessing = 0;
		};
		558D7B0428B1417D005571A7 /* Frameworks */ = {
			isa = PBXFrameworksBuildPhase;
			buildActionMask = 2147483647;
			files = (
			);
			runOnlyForDeploymentPostprocessing = 0;
		};
/* End PBXFrameworksBuildPhase section */

/* Begin PBXGroup section */
		558D7ADE28B1417A005571A7 = {
			isa = PBXGroup;
			children = (
				558D7AE928B1417A005571A7 /* Task3 CollectionView */,
				558D7B0028B1417D005571A7 /* Task3 CollectionViewTests */,
				558D7B0A28B1417D005571A7 /* Task3 CollectionViewUITests */,
				558D7AE828B1417A005571A7 /* Products */,
			);
			sourceTree = "<group>";
		};
		558D7AE828B1417A005571A7 /* Products */ = {
			isa = PBXGroup;
			children = (
				558D7AE728B1417A005571A7 /* Task3 CollectionView.app */,
				558D7AFD28B1417D005571A7 /* Task3 CollectionViewTests.xctest */,
				558D7B0728B1417D005571A7 /* Task3 CollectionViewUITests.xctest */,
			);
			name = Products;
			sourceTree = "<group>";
		};
		558D7AE928B1417A005571A7 /* Task3 CollectionView */ = {
			isa = PBXGroup;
			children = (
				558D7AEA28B1417A005571A7 /* AppDelegate.swift */,
				558D7AEC28B1417A005571A7 /* SceneDelegate.swift */,
				558D7AEE28B1417A005571A7 /* ViewController.swift */,
				558E791B28C3639300870698 /* CicrcleCollectionViewCell.swift */,
				558D7AF028B1417A005571A7 /* Main.storyboard */,
				558D7AF328B1417D005571A7 /* Assets.xcassets */,
				558D7AF528B1417D005571A7 /* LaunchScreen.storyboard */,
				558D7AF828B1417D005571A7 /* Info.plist */,
			);
			path = "Task3 CollectionView";
			sourceTree = "<group>";
		};
		558D7B0028B1417D005571A7 /* Task3 CollectionViewTests */ = {
			isa = PBXGroup;
			children = (
				558D7B0128B1417D005571A7 /* Task3_CollectionViewTests.swift */,
			);
			path = "Task3 CollectionViewTests";
			sourceTree = "<group>";
		};
		558D7B0A28B1417D005571A7 /* Task3 CollectionViewUITests */ = {
			isa = PBXGroup;
			children = (
				558D7B0B28B1417D005571A7 /* Task3_CollectionViewUITests.swift */,
				558D7B0D28B1417D005571A7 /* Task3_CollectionViewUITestsLaunchTests.swift */,
			);
			path = "Task3 CollectionViewUITests";
			sourceTree = "<group>";
		};
/* End PBXGroup section */

/* Begin PBXNativeTarget section */
		558D7AE628B1417A005571A7 /* Task3 CollectionView */ = {
			isa = PBXNativeTarget;
			buildConfigurationList = 558D7B1128B1417D005571A7 /* Build configuration list for PBXNativeTarget "Task3 CollectionView" */;
			buildPhases = (
				558D7AE328B1417A005571A7 /* Sources */,
				558D7AE428B1417A005571A7 /* Frameworks */,
				558D7AE528B1417A005571A7 /* Resources */,
			);
			buildRules = (
			);
			dependencies = (
			);
			name = "Task3 CollectionView";
			productName = "Task3 CollectionView";
			productReference = 558D7AE728B1417A005571A7 /* Task3 CollectionView.app */;
			productType = "com.apple.product-type.application";
		};
		558D7AFC28B1417D005571A7 /* Task3 CollectionViewTests */ = {
			isa = PBXNativeTarget;
			buildConfigurationList = 558D7B1428B1417D005571A7 /* Build configuration list for PBXNativeTarget "Task3 CollectionViewTests" */;
			buildPhases = (
				558D7AF928B1417D005571A7 /* Sources */,
				558D7AFA28B1417D005571A7 /* Frameworks */,
				558D7AFB28B1417D005571A7 /* Resources */,
			);
			buildRules = (
			);
			dependencies = (
				558D7AFF28B1417D005571A7 /* PBXTargetDependency */,
			);
			name = "Task3 CollectionViewTests";
			productName = "Task3 CollectionViewTests";
			productReference = 558D7AFD28B1417D005571A7 /* Task3 CollectionViewTests.xctest */;
			productType = "com.apple.product-type.bundle.unit-test";
		};
		558D7B0628B1417D005571A7 /* Task3 CollectionViewUITests */ = {
			isa = PBXNativeTarget;
			buildConfigurationList = 558D7B1728B1417D005571A7 /* Build configuration list for PBXNativeTarget "Task3 CollectionViewUITests" */;
			buildPhases = (
				558D7B0328B1417D005571A7 /* Sources */,
				558D7B0428B1417D005571A7 /* Frameworks */,
				558D7B0528B1417D005571A7 /* Resources */,
			);
			buildRules = (
			);
			dependencies = (
				558D7B0928B1417D005571A7 /* PBXTargetDependency */,
			);
			name = "Task3 CollectionViewUITests";
			productName = "Task3 CollectionViewUITests";
			productReference = 558D7B0728B1417D005571A7 /* Task3 CollectionViewUITests.xctest */;
			productType = "com.apple.product-type.bundle.ui-testing";
		};
/* End PBXNativeTarget section */

/* Begin PBXProject section */
		558D7ADF28B1417A005571A7 /* Project object */ = {
			isa = PBXProject;
			attributes = {
				BuildIndependentTargetsInParallel = 1;
				LastSwiftUpdateCheck = 1340;
				LastUpgradeCheck = 1340;
				TargetAttributes = {
					558D7AE628B1417A005571A7 = {
						CreatedOnToolsVersion = 13.4.1;
					};
					558D7AFC28B1417D005571A7 = {
						CreatedOnToolsVersion = 13.4.1;
						TestTargetID = 558D7AE628B1417A005571A7;
					};
					558D7B0628B1417D005571A7 = {
						CreatedOnToolsVersion = 13.4.1;
						TestTargetID = 558D7AE628B1417A005571A7;
					};
				};
			};
			buildConfigurationList = 558D7AE228B1417A005571A7 /* Build configuration list for PBXProject "Task3 CollectionView" */;
			compatibilityVersion = "Xcode 13.0";
			developmentRegion = en;
			hasScannedForEncodings = 0;
			knownRegions = (
				en,
				Base,
			);
			mainGroup = 558D7ADE28B1417A005571A7;
			productRefGroup = 558D7AE828B1417A005571A7 /* Products */;
			projectDirPath = "";
			projectRoot = "";
			targets = (
				558D7AE628B1417A005571A7 /* Task3 CollectionView */,
				558D7AFC28B1417D005571A7 /* Task3 CollectionViewTests */,
				558D7B0628B1417D005571A7 /* Task3 CollectionViewUITests */,
			);
		};
/* End PBXProject section */

/* Begin PBXResourcesBuildPhase section */
		558D7AE528B1417A005571A7 /* Resources */ = {
			isa = PBXResourcesBuildPhase;
			buildActionMask = 2147483647;
			files = (
				558D7AF728B1417D005571A7 /* LaunchScreen.storyboard in Resources */,
				558D7AF428B1417D005571A7 /* Assets.xcassets in Resources */,
				558D7AF228B1417A005571A7 /* Main.storyboard in Resources */,
			);
			runOnlyForDeploymentPostprocessing = 0;
		};
		558D7AFB28B1417D005571A7 /* Resources */ = {
			isa = PBXResourcesBuildPhase;
			buildActionMask = 2147483647;
			files = (
			);
			runOnlyForDeploymentPostprocessing = 0;
		};
		558D7B0528B1417D005571A7 /* Resources */ = {
			isa = PBXResourcesBuildPhase;
			buildActionMask = 2147483647;
			files = (
			);
			runOnlyForDeploymentPostprocessing = 0;
		};
/* End PBXResourcesBuildPhase section */

/* Begin PBXSourcesBuildPhase section */
		558D7AE328B1417A005571A7 /* Sources */ = {
			isa = PBXSourcesBuildPhase;
			buildActionMask = 2147483647;
			files = (
				558D7AEF28B1417A005571A7 /* ViewController.swift in Sources */,
				558D7AEB28B1417A005571A7 /* AppDelegate.swift in Sources */,
				558E791C28C3639300870698 /* CicrcleCollectionViewCell.swift in Sources */,
				558D7AED28B1417A005571A7 /* SceneDelegate.swift in Sources */,
			);
			runOnlyForDeploymentPostprocessing = 0;
		};
		558D7AF928B1417D005571A7 /* Sources */ = {
			isa = PBXSourcesBuildPhase;
			buildActionMask = 2147483647;
			files = (
				558D7B0228B1417D005571A7 /* Task3_CollectionViewTests.swift in Sources */,
			);
			runOnlyForDeploymentPostprocessing = 0;
		};
		558D7B0328B1417D005571A7 /* Sources */ = {
			isa = PBXSourcesBuildPhase;
			buildActionMask = 2147483647;
			files = (
				558D7B0E28B1417D005571A7 /* Task3_CollectionViewUITestsLaunchTests.swift in Sources */,
				558D7B0C28B1417D005571A7 /* Task3_CollectionViewUITests.swift in Sources */,
			);
			runOnlyForDeploymentPostprocessing = 0;
		};
/* End PBXSourcesBuildPhase section */

/* Begin PBXTargetDependency section */
		558D7AFF28B1417D005571A7 /* PBXTargetDependency */ = {
			isa = PBXTargetDependency;
			target = 558D7AE628B1417A005571A7 /* Task3 CollectionView */;
			targetProxy = 558D7AFE28B1417D005571A7 /* PBXContainerItemProxy */;
		};
		558D7B0928B1417D005571A7 /* PBXTargetDependency */ = {
			isa = PBXTargetDependency;
			target = 558D7AE628B1417A005571A7 /* Task3 CollectionView */;
			targetProxy = 558D7B0828B1417D005571A7 /* PBXContainerItemProxy */;
		};
/* End PBXTargetDependency section */

/* Begin PBXVariantGroup section */
		558D7AF028B1417A005571A7 /* Main.storyboard */ = {
			isa = PBXVariantGroup;
			children = (
				558D7AF128B1417A005571A7 /* Base */,
			);
			name = Main.storyboard;
			sourceTree = "<group>";
		};
		558D7AF528B1417D005571A7 /* LaunchScreen.storyboard */ = {
			isa = PBXVariantGroup;
			children = (
				558D7AF628B1417D005571A7 /* Base */,
			);
			name = LaunchScreen.storyboard;
			sourceTree = "<group>";
		};
/* End PBXVariantGroup section */

/* Begin XCBuildConfiguration section */
		558D7B0F28B1417D005571A7 /* Debug */ = {
			isa = XCBuildConfiguration;
			buildSettings = {
				ALWAYS_SEARCH_USER_PATHS = NO;
				CLANG_ANALYZER_NONNULL = YES;
				CLANG_ANALYZER_NUMBER_OBJECT_CONVERSION = YES_AGGRESSIVE;
				CLANG_CXX_LANGUAGE_STANDARD = "gnu++17";
				CLANG_ENABLE_MODULES = YES;
				CLANG_ENABLE_OBJC_ARC = YES;
				CLANG_ENABLE_OBJC_WEAK = YES;
				CLANG_WARN_BLOCK_CAPTURE_AUTORELEASING = YES;
				CLANG_WARN_BOOL_CONVERSION = YES;
				CLANG_WARN_COMMA = YES;
				CLANG_WARN_CONSTANT_CONVERSION = YES;
				CLANG_WARN_DEPRECATED_OBJC_IMPLEMENTATIONS = YES;
				CLANG_WARN_DIRECT_OBJC_ISA_USAGE = YES_ERROR;
				CLANG_WARN_DOCUMENTATION_COMMENTS = YES;
				CLANG_WARN_EMPTY_BODY = YES;
				CLANG_WARN_ENUM_CONVERSION = YES;
				CLANG_WARN_INFINITE_RECURSION = YES;
				CLANG_WARN_INT_CONVERSION = YES;
				CLANG_WARN_NON_LITERAL_NULL_CONVERSION = YES;
				CLANG_WARN_OBJC_IMPLICIT_RETAIN_SELF = YES;
				CLANG_WARN_OBJC_LITERAL_CONVERSION = YES;
				CLANG_WARN_OBJC_ROOT_CLASS = YES_ERROR;
				CLANG_WARN_QUOTED_INCLUDE_IN_FRAMEWORK_HEADER = YES;
				CLANG_WARN_RANGE_LOOP_ANALYSIS = YES;
				CLANG_WARN_STRICT_PROTOTYPES = YES;
				CLANG_WARN_SUSPICIOUS_MOVE = YES;
				CLANG_WARN_UNGUARDED_AVAILABILITY = YES_AGGRESSIVE;
				CLANG_WARN_UNREACHABLE_CODE = YES;
				CLANG_WARN__DUPLICATE_METHOD_MATCH = YES;
				COPY_PHASE_STRIP = NO;
				DEBUG_INFORMATION_FORMAT = dwarf;
				ENABLE_STRICT_OBJC_MSGSEND = YES;
				ENABLE_TESTABILITY = YES;
				GCC_C_LANGUAGE_STANDARD = gnu11;
				GCC_DYNAMIC_NO_PIC = NO;
				GCC_NO_COMMON_BLOCKS = YES;
				GCC_OPTIMIZATION_LEVEL = 0;
				GCC_PREPROCESSOR_DEFINITIONS = (
					"DEBUG=1",
					"$(inherited)",
				);
				GCC_WARN_64_TO_32_BIT_CONVERSION = YES;
				GCC_WARN_ABOUT_RETURN_TYPE = YES_ERROR;
				GCC_WARN_UNDECLARED_SELECTOR = YES;
				GCC_WARN_UNINITIALIZED_AUTOS = YES_AGGRESSIVE;
				GCC_WARN_UNUSED_FUNCTION = YES;
				GCC_WARN_UNUSED_VARIABLE = YES;
				IPHONEOS_DEPLOYMENT_TARGET = 15.5;
				MTL_ENABLE_DEBUG_INFO = INCLUDE_SOURCE;
				MTL_FAST_MATH = YES;
				ONLY_ACTIVE_ARCH = YES;
				SDKROOT = iphoneos;
				SWIFT_ACTIVE_COMPILATION_CONDITIONS = DEBUG;
				SWIFT_OPTIMIZATION_LEVEL = "-Onone";
			};
			name = Debug;
		};
		558D7B1028B1417D005571A7 /* Release */ = {
			isa = XCBuildConfiguration;
			buildSettings = {
				ALWAYS_SEARCH_USER_PATHS = NO;
				CLANG_ANALYZER_NONNULL = YES;
				CLANG_ANALYZER_NUMBER_OBJECT_CONVERSION = YES_AGGRESSIVE;
				CLANG_CXX_LANGUAGE_STANDARD = "gnu++17";
				CLANG_ENABLE_MODULES = YES;
				CLANG_ENABLE_OBJC_ARC = YES;
				CLANG_ENABLE_OBJC_WEAK = YES;
				CLANG_WARN_BLOCK_CAPTURE_AUTORELEASING = YES;
				CLANG_WARN_BOOL_CONVERSION = YES;
				CLANG_WARN_COMMA = YES;
				CLANG_WARN_CONSTANT_CONVERSION = YES;
				CLANG_WARN_DEPRECATED_OBJC_IMPLEMENTATIONS = YES;
				CLANG_WARN_DIRECT_OBJC_ISA_USAGE = YES_ERROR;
				CLANG_WARN_DOCUMENTATION_COMMENTS = YES;
				CLANG_WARN_EMPTY_BODY = YES;
				CLANG_WARN_ENUM_CONVERSION = YES;
				CLANG_WARN_INFINITE_RECURSION = YES;
				CLANG_WARN_INT_CONVERSION = YES;
				CLANG_WARN_NON_LITERAL_NULL_CONVERSION = YES;
				CLANG_WARN_OBJC_IMPLICIT_RETAIN_SELF = YES;
				CLANG_WARN_OBJC_LITERAL_CONVERSION = YES;
				CLANG_WARN_OBJC_ROOT_CLASS = YES_ERROR;
				CLANG_WARN_QUOTED_INCLUDE_IN_FRAMEWORK_HEADER = YES;
				CLANG_WARN_RANGE_LOOP_ANALYSIS = YES;
				CLANG_WARN_STRICT_PROTOTYPES = YES;
				CLANG_WARN_SUSPICIOUS_MOVE = YES;
				CLANG_WARN_UNGUARDED_AVAILABILITY = YES_AGGRESSIVE;
				CLANG_WARN_UNREACHABLE_CODE = YES;
				CLANG_WARN__DUPLICATE_METHOD_MATCH = YES;
				COPY_PHASE_STRIP = NO;
				DEBUG_INFORMATION_FORMAT = "dwarf-with-dsym";
				ENABLE_NS_ASSERTIONS = NO;
				ENABLE_STRICT_OBJC_MSGSEND = YES;
				GCC_C_LANGUAGE_STANDARD = gnu11;
				GCC_NO_COMMON_BLOCKS = YES;
				GCC_WARN_64_TO_32_BIT_CONVERSION = YES;
				GCC_WARN_ABOUT_RETURN_TYPE = YES_ERROR;
				GCC_WARN_UNDECLARED_SELECTOR = YES;
				GCC_WARN_UNINITIALIZED_AUTOS = YES_AGGRESSIVE;
				GCC_WARN_UNUSED_FUNCTION = YES;
				GCC_WARN_UNUSED_VARIABLE = YES;
				IPHONEOS_DEPLOYMENT_TARGET = 15.5;
				MTL_ENABLE_DEBUG_INFO = NO;
				MTL_FAST_MATH = YES;
				SDKROOT = iphoneos;
				SWIFT_COMPILATION_MODE = wholemodule;
				SWIFT_OPTIMIZATION_LEVEL = "-O";
				VALIDATE_PRODUCT = YES;
			};
			name = Release;
		};
		558D7B1228B1417D005571A7 /* Debug */ = {
			isa = XCBuildConfiguration;
			buildSettings = {
				ASSETCATALOG_COMPILER_APPICON_NAME = AppIcon;
				ASSETCATALOG_COMPILER_GLOBAL_ACCENT_COLOR_NAME = AccentColor;
				CODE_SIGN_STYLE = Automatic;
				CURRENT_PROJECT_VERSION = 1;
				DEVELOPMENT_TEAM = 373A73HKHD;
				GENERATE_INFOPLIST_FILE = YES;
				INFOPLIST_FILE = "Task3 CollectionView/Info.plist";
				INFOPLIST_KEY_UIApplicationSupportsIndirectInputEvents = YES;
				INFOPLIST_KEY_UILaunchStoryboardName = LaunchScreen;
				INFOPLIST_KEY_UIMainStoryboardFile = Main;
				INFOPLIST_KEY_UISupportedInterfaceOrientations_iPad = "UIInterfaceOrientationPortrait UIInterfaceOrientationPortraitUpsideDown UIInterfaceOrientationLandscapeLeft UIInterfaceOrientationLandscapeRight";
				INFOPLIST_KEY_UISupportedInterfaceOrientations_iPhone = "UIInterfaceOrientationPortrait UIInterfaceOrientationLandscapeLeft UIInterfaceOrientationLandscapeRight";
				LD_RUNPATH_SEARCH_PATHS = (
					"$(inherited)",
					"@executable_path/Frameworks",
				);
				MARKETING_VERSION = 1.0;
				PRODUCT_BUNDLE_IDENTIFIER = "com.dandisinaga.Task3-CollectionView";
				PRODUCT_NAME = "$(TARGET_NAME)";
				SWIFT_EMIT_LOC_STRINGS = YES;
				SWIFT_VERSION = 5.0;
				TARGETED_DEVICE_FAMILY = "1,2";
			};
			name = Debug;
		};
		558D7B1328B1417D005571A7 /* Release */ = {
			isa = XCBuildConfiguration;
			buildSettings = {
				ASSETCATALOG_COMPILER_APPICON_NAME = AppIcon;
				ASSETCATALOG_COMPILER_GLOBAL_ACCENT_COLOR_NAME = AccentColor;
				CODE_SIGN_STYLE = Automatic;
				CURRENT_PROJECT_VERSION = 1;
				DEVELOPMENT_TEAM = 373A73HKHD;
				GENERATE_INFOPLIST_FILE = YES;
				INFOPLIST_FILE = "Task3 CollectionView/Info.plist";
				INFOPLIST_KEY_UIApplicationSupportsIndirectInputEvents = YES;
				INFOPLIST_KEY_UILaunchStoryboardName = LaunchScreen;
				INFOPLIST_KEY_UIMainStoryboardFile = Main;
				INFOPLIST_KEY_UISupportedInterfaceOrientations_iPad = "UIInterfaceOrientationPortrait UIInterfaceOrientationPortraitUpsideDown UIInterfaceOrientationLandscapeLeft UIInterfaceOrientationLandscapeRight";
				INFOPLIST_KEY_UISupportedInterfaceOrientations_iPhone = "UIInterfaceOrientationPortrait UIInterfaceOrientationLandscapeLeft UIInterfaceOrientationLandscapeRight";
				LD_RUNPATH_SEARCH_PATHS = (
					"$(inherited)",
					"@executable_path/Frameworks",
				);
				MARKETING_VERSION = 1.0;
				PRODUCT_BUNDLE_IDENTIFIER = "com.dandisinaga.Task3-CollectionView";
				PRODUCT_NAME = "$(TARGET_NAME)";
				SWIFT_EMIT_LOC_STRINGS = YES;
				SWIFT_VERSION = 5.0;
				TARGETED_DEVICE_FAMILY = "1,2";
			};
			name = Release;
		};
		558D7B1528B1417D005571A7 /* Debug */ = {
			isa = XCBuildConfiguration;
			buildSettings = {
				ALWAYS_EMBED_SWIFT_STANDARD_LIBRARIES = YES;
				BUNDLE_LOADER = "$(TEST_HOST)";
				CODE_SIGN_STYLE = Automatic;
				CURRENT_PROJECT_VERSION = 1;
				DEVELOPMENT_TEAM = 373A73HKHD;
				GENERATE_INFOPLIST_FILE = YES;
				IPHONEOS_DEPLOYMENT_TARGET = 15.5;
				MARKETING_VERSION = 1.0;
				PRODUCT_BUNDLE_IDENTIFIER = "com.dandisinaga.Task3-CollectionViewTests";
				PRODUCT_NAME = "$(TARGET_NAME)";
				SWIFT_EMIT_LOC_STRINGS = NO;
				SWIFT_VERSION = 5.0;
				TARGETED_DEVICE_FAMILY = "1,2";
				TEST_HOST = "$(BUILT_PRODUCTS_DIR)/Task3 CollectionView.app/Task3 CollectionView";
			};
			name = Debug;
		};
		558D7B1628B1417D005571A7 /* Release */ = {
			isa = XCBuildConfiguration;
			buildSettings = {
				ALWAYS_EMBED_SWIFT_STANDARD_LIBRARIES = YES;
				BUNDLE_LOADER = "$(TEST_HOST)";
				CODE_SIGN_STYLE = Automatic;
				CURRENT_PROJECT_VERSION = 1;
				DEVELOPMENT_TEAM = 373A73HKHD;
				GENERATE_INFOPLIST_FILE = YES;
				IPHONEOS_DEPLOYMENT_TARGET = 15.5;
				MARKETING_VERSION = 1.0;
				PRODUCT_BUNDLE_IDENTIFIER = "com.dandisinaga.Task3-CollectionViewTests";
				PRODUCT_NAME = "$(TARGET_NAME)";
				SWIFT_EMIT_LOC_STRINGS = NO;
				SWIFT_VERSION = 5.0;
				TARGETED_DEVICE_FAMILY = "1,2";
				TEST_HOST = "$(BUILT_PRODUCTS_DIR)/Task3 CollectionView.app/Task3 CollectionView";
			};
			name = Release;
		};
		558D7B1828B1417D005571A7 /* Debug */ = {
			isa = XCBuildConfiguration;
			buildSettings = {
				ALWAYS_EMBED_SWIFT_STANDARD_LIBRARIES = YES;
				CODE_SIGN_STYLE = Automatic;
				CURRENT_PROJECT_VERSION = 1;
				DEVELOPMENT_TEAM = 373A73HKHD;
				GENERATE_INFOPLIST_FILE = YES;
				MARKETING_VERSION = 1.0;
				PRODUCT_BUNDLE_IDENTIFIER = "com.dandisinaga.Task3-CollectionViewUITests";
				PRODUCT_NAME = "$(TARGET_NAME)";
				SWIFT_EMIT_LOC_STRINGS = NO;
				SWIFT_VERSION = 5.0;
				TARGETED_DEVICE_FAMILY = "1,2";
				TEST_TARGET_NAME = "Task3 CollectionView";
			};
			name = Debug;
		};
		558D7B1928B1417D005571A7 /* Release */ = {
			isa = XCBuildConfiguration;
			buildSettings = {
				ALWAYS_EMBED_SWIFT_STANDARD_LIBRARIES = YES;
				CODE_SIGN_STYLE = Automatic;
				CURRENT_PROJECT_VERSION = 1;
				DEVELOPMENT_TEAM = 373A73HKHD;
				GENERATE_INFOPLIST_FILE = YES;
				MARKETING_VERSION = 1.0;
				PRODUCT_BUNDLE_IDENTIFIER = "com.dandisinaga.Task3-CollectionViewUITests";
				PRODUCT_NAME = "$(TARGET_NAME)";
				SWIFT_EMIT_LOC_STRINGS = NO;
				SWIFT_VERSION = 5.0;
				TARGETED_DEVICE_FAMILY = "1,2";
				TEST_TARGET_NAME = "Task3 CollectionView";
			};
			name = Release;
		};
/* End XCBuildConfiguration section */

/* Begin XCConfigurationList section */
		558D7AE228B1417A005571A7 /* Build configuration list for PBXProject "Task3 CollectionView" */ = {
			isa = XCConfigurationList;
			buildConfigurations = (
				558D7B0F28B1417D005571A7 /* Debug */,
				558D7B1028B1417D005571A7 /* Release */,
			);
			defaultConfigurationIsVisible = 0;
			defaultConfigurationName = Release;
		};
		558D7B1128B1417D005571A7 /* Build configuration list for PBXNativeTarget "Task3 CollectionView" */ = {
			isa = XCConfigurationList;
			buildConfigurations = (
				558D7B1228B1417D005571A7 /* Debug */,
				558D7B1328B1417D005571A7 /* Release */,
			);
			defaultConfigurationIsVisible = 0;
			defaultConfigurationName = Release;
		};
		558D7B1428B1417D005571A7 /* Build configuration list for PBXNativeTarget "Task3 CollectionViewTests" */ = {
			isa = XCConfigurationList;
			buildConfigurations = (
				558D7B1528B1417D005571A7 /* Debug */,
				558D7B1628B1417D005571A7 /* Release */,
			);
			defaultConfigurationIsVisible = 0;
			defaultConfigurationName = Release;
		};
		558D7B1728B1417D005571A7 /* Build configuration list for PBXNativeTarget "Task3 CollectionViewUITests" */ = {
			isa = XCConfigurationList;
			buildConfigurations = (
				558D7B1828B1417D005571A7 /* Debug */,
				558D7B1928B1417D005571A7 /* Release */,
			);
			defaultConfigurationIsVisible = 0;
			defaultConfigurationName = Release;
		};
/* End XCConfigurationList section */
	};
	rootObject = 558D7ADF28B1417A005571A7 /* Project object */;
}
