// !$*UTF8*$!
{
	archiveVersion = 1;
	classes = {
	};
	objectVersion = 55;
	objects = {

/* Begin PBXBuildFile section */
		55521DF028A744EC009C7B14 /* AppDelegate.swift in Sources */ = {isa = PBXBuildFile; fileRef = 55521DEF28A744EC009C7B14 /* AppDelegate.swift */; };
		55521DF228A744EC009C7B14 /* SceneDelegate.swift in Sources */ = {isa = PBXBuildFile; fileRef = 55521DF128A744EC009C7B14 /* SceneDelegate.swift */; };
		55521DF428A744EC009C7B14 /* ViewController.swift in Sources */ = {isa = PBXBuildFile; fileRef = 55521DF328A744EC009C7B14 /* ViewController.swift */; };
		55521DF728A744EC009C7B14 /* Main.storyboard in Resources */ = {isa = PBXBuildFile; fileRef = 55521DF528A744EC009C7B14 /* Main.storyboard */; };
		55521DF928A744EF009C7B14 /* Assets.xcassets in Resources */ = {isa = PBXBuildFile; fileRef = 55521DF828A744EF009C7B14 /* Assets.xcassets */; };
		55521DFC28A744EF009C7B14 /* LaunchScreen.storyboard in Resources */ = {isa = PBXBuildFile; fileRef = 55521DFA28A744EF009C7B14 /* LaunchScreen.storyboard */; };
		55521E0728A744EF009C7B14 /* Taks_1_IzludeTests.swift in Sources */ = {isa = PBXBuildFile; fileRef = 55521E0628A744EF009C7B14 /* Taks_1_IzludeTests.swift */; };
		55521E1128A744EF009C7B14 /* Taks_1_IzludeUITests.swift in Sources */ = {isa = PBXBuildFile; fileRef = 55521E1028A744EF009C7B14 /* Taks_1_IzludeUITests.swift */; };
		55521E1328A744EF009C7B14 /* Taks_1_IzludeUITestsLaunchTests.swift in Sources */ = {isa = PBXBuildFile; fileRef = 55521E1228A744EF009C7B14 /* Taks_1_IzludeUITestsLaunchTests.swift */; };
/* End PBXBuildFile section */

/* Begin PBXContainerItemProxy section */
		55521E0328A744EF009C7B14 /* PBXContainerItemProxy */ = {
			isa = PBXContainerItemProxy;
			containerPortal = 55521DE428A744EC009C7B14 /* Project object */;
			proxyType = 1;
			remoteGlobalIDString = 55521DEB28A744EC009C7B14;
			remoteInfo = "Taks 1 Izlude";
		};
		55521E0D28A744EF009C7B14 /* PBXContainerItemProxy */ = {
			isa = PBXContainerItemProxy;
			containerPortal = 55521DE428A744EC009C7B14 /* Project object */;
			proxyType = 1;
			remoteGlobalIDString = 55521DEB28A744EC009C7B14;
			remoteInfo = "Taks 1 Izlude";
		};
/* End PBXContainerItemProxy section */

/* Begin PBXFileReference section */
		55521DEC28A744EC009C7B14 /* Taks 1 Izlude.app */ = {isa = PBXFileReference; explicitFileType = wrapper.application; includeInIndex = 0; path = "Taks 1 Izlude.app"; sourceTree = BUILT_PRODUCTS_DIR; };
		55521DEF28A744EC009C7B14 /* AppDelegate.swift */ = {isa = PBXFileReference; lastKnownFileType = sourcecode.swift; path = AppDelegate.swift; sourceTree = "<group>"; };
		55521DF128A744EC009C7B14 /* SceneDelegate.swift */ = {isa = PBXFileReference; lastKnownFileType = sourcecode.swift; path = SceneDelegate.swift; sourceTree = "<group>"; };
		55521DF328A744EC009C7B14 /* ViewController.swift */ = {isa = PBXFileReference; lastKnownFileType = sourcecode.swift; path = ViewController.swift; sourceTree = "<group>"; };
		55521DF628A744EC009C7B14 /* Base */ = {isa = PBXFileReference; lastKnownFileType = file.storyboard; name = Base; path = Base.lproj/Main.storyboard; sourceTree = "<group>"; };
		55521DF828A744EF009C7B14 /* Assets.xcassets */ = {isa = PBXFileReference; lastKnownFileType = folder.assetcatalog; path = Assets.xcassets; sourceTree = "<group>"; };
		55521DFB28A744EF009C7B14 /* Base */ = {isa = PBXFileReference; lastKnownFileType = file.storyboard; name = Base; path = Base.lproj/LaunchScreen.storyboard; sourceTree = "<group>"; };
		55521DFD28A744EF009C7B14 /* Info.plist */ = {isa = PBXFileReference; lastKnownFileType = text.plist.xml; path = Info.plist; sourceTree = "<group>"; };
		55521E0228A744EF009C7B14 /* Taks 1 IzludeTests.xctest */ = {isa = PBXFileReference; explicitFileType = wrapper.cfbundle; includeInIndex = 0; path = "Taks 1 IzludeTests.xctest"; sourceTree = BUILT_PRODUCTS_DIR; };
		55521E0628A744EF009C7B14 /* Taks_1_IzludeTests.swift */ = {isa = PBXFileReference; lastKnownFileType = sourcecode.swift; path = Taks_1_IzludeTests.swift; sourceTree = "<group>"; };
		55521E0C28A744EF009C7B14 /* Taks 1 IzludeUITests.xctest */ = {isa = PBXFileReference; explicitFileType = wrapper.cfbundle; includeInIndex = 0; path = "Taks 1 IzludeUITests.xctest"; sourceTree = BUILT_PRODUCTS_DIR; };
		55521E1028A744EF009C7B14 /* Taks_1_IzludeUITests.swift */ = {isa = PBXFileReference; lastKnownFileType = sourcecode.swift; path = Taks_1_IzludeUITests.swift; sourceTree = "<group>"; };
		55521E1228A744EF009C7B14 /* Taks_1_IzludeUITestsLaunchTests.swift */ = {isa = PBXFileReference; lastKnownFileType = sourcecode.swift; path = Taks_1_IzludeUITestsLaunchTests.swift; sourceTree = "<group>"; };
/* End PBXFileReference section */

/* Begin PBXFrameworksBuildPhase section */
		55521DE928A744EC009C7B14 /* Frameworks */ = {
			isa = PBXFrameworksBuildPhase;
			buildActionMask = 2147483647;
			files = (
			);
			runOnlyForDeploymentPostprocessing = 0;
		};
		55521DFF28A744EF009C7B14 /* Frameworks */ = {
			isa = PBXFrameworksBuildPhase;
			buildActionMask = 2147483647;
			files = (
			);
			runOnlyForDeploymentPostprocessing = 0;
		};
		55521E0928A744EF009C7B14 /* Frameworks */ = {
			isa = PBXFrameworksBuildPhase;
			buildActionMask = 2147483647;
			files = (
			);
			runOnlyForDeploymentPostprocessing = 0;
		};
/* End PBXFrameworksBuildPhase section */

/* Begin PBXGroup section */
		55521DE328A744EC009C7B14 = {
			isa = PBXGroup;
			children = (
				55521DEE28A744EC009C7B14 /* Taks 1 Izlude */,
				55521E0528A744EF009C7B14 /* Taks 1 IzludeTests */,
				55521E0F28A744EF009C7B14 /* Taks 1 IzludeUITests */,
				55521DED28A744EC009C7B14 /* Products */,
			);
			sourceTree = "<group>";
		};
		55521DED28A744EC009C7B14 /* Products */ = {
			isa = PBXGroup;
			children = (
				55521DEC28A744EC009C7B14 /* Taks 1 Izlude.app */,
				55521E0228A744EF009C7B14 /* Taks 1 IzludeTests.xctest */,
				55521E0C28A744EF009C7B14 /* Taks 1 IzludeUITests.xctest */,
			);
			name = Products;
			sourceTree = "<group>";
		};
		55521DEE28A744EC009C7B14 /* Taks 1 Izlude */ = {
			isa = PBXGroup;
			children = (
				55521DEF28A744EC009C7B14 /* AppDelegate.swift */,
				55521DF128A744EC009C7B14 /* SceneDelegate.swift */,
				55521DF328A744EC009C7B14 /* ViewController.swift */,
				55521DF528A744EC009C7B14 /* Main.storyboard */,
				55521DF828A744EF009C7B14 /* Assets.xcassets */,
				55521DFA28A744EF009C7B14 /* LaunchScreen.storyboard */,
				55521DFD28A744EF009C7B14 /* Info.plist */,
			);
			path = "Taks 1 Izlude";
			sourceTree = "<group>";
		};
		55521E0528A744EF009C7B14 /* Taks 1 IzludeTests */ = {
			isa = PBXGroup;
			children = (
				55521E0628A744EF009C7B14 /* Taks_1_IzludeTests.swift */,
			);
			path = "Taks 1 IzludeTests";
			sourceTree = "<group>";
		};
		55521E0F28A744EF009C7B14 /* Taks 1 IzludeUITests */ = {
			isa = PBXGroup;
			children = (
				55521E1028A744EF009C7B14 /* Taks_1_IzludeUITests.swift */,
				55521E1228A744EF009C7B14 /* Taks_1_IzludeUITestsLaunchTests.swift */,
			);
			path = "Taks 1 IzludeUITests";
			sourceTree = "<group>";
		};
/* End PBXGroup section */

/* Begin PBXNativeTarget section */
		55521DEB28A744EC009C7B14 /* Taks 1 Izlude */ = {
			isa = PBXNativeTarget;
			buildConfigurationList = 55521E1628A744EF009C7B14 /* Build configuration list for PBXNativeTarget "Taks 1 Izlude" */;
			buildPhases = (
				55521DE828A744EC009C7B14 /* Sources */,
				55521DE928A744EC009C7B14 /* Frameworks */,
				55521DEA28A744EC009C7B14 /* Resources */,
			);
			buildRules = (
			);
			dependencies = (
			);
			name = "Taks 1 Izlude";
			productName = "Taks 1 Izlude";
			productReference = 55521DEC28A744EC009C7B14 /* Taks 1 Izlude.app */;
			productType = "com.apple.product-type.application";
		};
		55521E0128A744EF009C7B14 /* Taks 1 IzludeTests */ = {
			isa = PBXNativeTarget;
			buildConfigurationList = 55521E1928A744EF009C7B14 /* Build configuration list for PBXNativeTarget "Taks 1 IzludeTests" */;
			buildPhases = (
				55521DFE28A744EF009C7B14 /* Sources */,
				55521DFF28A744EF009C7B14 /* Frameworks */,
				55521E0028A744EF009C7B14 /* Resources */,
			);
			buildRules = (
			);
			dependencies = (
				55521E0428A744EF009C7B14 /* PBXTargetDependency */,
			);
			name = "Taks 1 IzludeTests";
			productName = "Taks 1 IzludeTests";
			productReference = 55521E0228A744EF009C7B14 /* Taks 1 IzludeTests.xctest */;
			productType = "com.apple.product-type.bundle.unit-test";
		};
		55521E0B28A744EF009C7B14 /* Taks 1 IzludeUITests */ = {
			isa = PBXNativeTarget;
			buildConfigurationList = 55521E1C28A744EF009C7B14 /* Build configuration list for PBXNativeTarget "Taks 1 IzludeUITests" */;
			buildPhases = (
				55521E0828A744EF009C7B14 /* Sources */,
				55521E0928A744EF009C7B14 /* Frameworks */,
				55521E0A28A744EF009C7B14 /* Resources */,
			);
			buildRules = (
			);
			dependencies = (
				55521E0E28A744EF009C7B14 /* PBXTargetDependency */,
			);
			name = "Taks 1 IzludeUITests";
			productName = "Taks 1 IzludeUITests";
			productReference = 55521E0C28A744EF009C7B14 /* Taks 1 IzludeUITests.xctest */;
			productType = "com.apple.product-type.bundle.ui-testing";
		};
/* End PBXNativeTarget section */

/* Begin PBXProject section */
		55521DE428A744EC009C7B14 /* Project object */ = {
			isa = PBXProject;
			attributes = {
				BuildIndependentTargetsInParallel = 1;
				LastSwiftUpdateCheck = 1340;
				LastUpgradeCheck = 1340;
				TargetAttributes = {
					55521DEB28A744EC009C7B14 = {
						CreatedOnToolsVersion = 13.4.1;
					};
					55521E0128A744EF009C7B14 = {
						CreatedOnToolsVersion = 13.4.1;
						TestTargetID = 55521DEB28A744EC009C7B14;
					};
					55521E0B28A744EF009C7B14 = {
						CreatedOnToolsVersion = 13.4.1;
						TestTargetID = 55521DEB28A744EC009C7B14;
					};
				};
			};
			buildConfigurationList = 55521DE728A744EC009C7B14 /* Build configuration list for PBXProject "Taks 1 Izlude" */;
			compatibilityVersion = "Xcode 13.0";
			developmentRegion = en;
			hasScannedForEncodings = 0;
			knownRegions = (
				en,
				Base,
			);
			mainGroup = 55521DE328A744EC009C7B14;
			productRefGroup = 55521DED28A744EC009C7B14 /* Products */;
			projectDirPath = "";
			projectRoot = "";
			targets = (
				55521DEB28A744EC009C7B14 /* Taks 1 Izlude */,
				55521E0128A744EF009C7B14 /* Taks 1 IzludeTests */,
				55521E0B28A744EF009C7B14 /* Taks 1 IzludeUITests */,
			);
		};
/* End PBXProject section */

/* Begin PBXResourcesBuildPhase section */
		55521DEA28A744EC009C7B14 /* Resources */ = {
			isa = PBXResourcesBuildPhase;
			buildActionMask = 2147483647;
			files = (
				55521DFC28A744EF009C7B14 /* LaunchScreen.storyboard in Resources */,
				55521DF928A744EF009C7B14 /* Assets.xcassets in Resources */,
				55521DF728A744EC009C7B14 /* Main.storyboard in Resources */,
			);
			runOnlyForDeploymentPostprocessing = 0;
		};
		55521E0028A744EF009C7B14 /* Resources */ = {
			isa = PBXResourcesBuildPhase;
			buildActionMask = 2147483647;
			files = (
			);
			runOnlyForDeploymentPostprocessing = 0;
		};
		55521E0A28A744EF009C7B14 /* Resources */ = {
			isa = PBXResourcesBuildPhase;
			buildActionMask = 2147483647;
			files = (
			);
			runOnlyForDeploymentPostprocessing = 0;
		};
/* End PBXResourcesBuildPhase section */

/* Begin PBXSourcesBuildPhase section */
		55521DE828A744EC009C7B14 /* Sources */ = {
			isa = PBXSourcesBuildPhase;
			buildActionMask = 2147483647;
			files = (
				55521DF428A744EC009C7B14 /* ViewController.swift in Sources */,
				55521DF028A744EC009C7B14 /* AppDelegate.swift in Sources */,
				55521DF228A744EC009C7B14 /* SceneDelegate.swift in Sources */,
			);
			runOnlyForDeploymentPostprocessing = 0;
		};
		55521DFE28A744EF009C7B14 /* Sources */ = {
			isa = PBXSourcesBuildPhase;
			buildActionMask = 2147483647;
			files = (
				55521E0728A744EF009C7B14 /* Taks_1_IzludeTests.swift in Sources */,
			);
			runOnlyForDeploymentPostprocessing = 0;
		};
		55521E0828A744EF009C7B14 /* Sources */ = {
			isa = PBXSourcesBuildPhase;
			buildActionMask = 2147483647;
			files = (
				55521E1328A744EF009C7B14 /* Taks_1_IzludeUITestsLaunchTests.swift in Sources */,
				55521E1128A744EF009C7B14 /* Taks_1_IzludeUITests.swift in Sources */,
			);
			runOnlyForDeploymentPostprocessing = 0;
		};
/* End PBXSourcesBuildPhase section */

/* Begin PBXTargetDependency section */
		55521E0428A744EF009C7B14 /* PBXTargetDependency */ = {
			isa = PBXTargetDependency;
			target = 55521DEB28A744EC009C7B14 /* Taks 1 Izlude */;
			targetProxy = 55521E0328A744EF009C7B14 /* PBXContainerItemProxy */;
		};
		55521E0E28A744EF009C7B14 /* PBXTargetDependency */ = {
			isa = PBXTargetDependency;
			target = 55521DEB28A744EC009C7B14 /* Taks 1 Izlude */;
			targetProxy = 55521E0D28A744EF009C7B14 /* PBXContainerItemProxy */;
		};
/* End PBXTargetDependency section */

/* Begin PBXVariantGroup section */
		55521DF528A744EC009C7B14 /* Main.storyboard */ = {
			isa = PBXVariantGroup;
			children = (
				55521DF628A744EC009C7B14 /* Base */,
			);
			name = Main.storyboard;
			sourceTree = "<group>";
		};
		55521DFA28A744EF009C7B14 /* LaunchScreen.storyboard */ = {
			isa = PBXVariantGroup;
			children = (
				55521DFB28A744EF009C7B14 /* Base */,
			);
			name = LaunchScreen.storyboard;
			sourceTree = "<group>";
		};
/* End PBXVariantGroup section */

/* Begin XCBuildConfiguration section */
		55521E1428A744EF009C7B14 /* Debug */ = {
			isa = XCBuildConfiguration;
			buildSettings = {
				ALWAYS_SEARCH_USER_PATHS = NO;
				CLANG_ANALYZER_NONNULL = YES;
				CLANG_ANALYZER_NUMBER_OBJECT_CONVERSION = YES_AGGRESSIVE;
				CLANG_CXX_LANGUAGE_STANDARD = "gnu++17";
				CLANG_ENABLE_MODULES = YES;
				CLANG_ENABLE_OBJC_ARC = YES;
				CLANG_ENABLE_OBJC_WEAK = YES;
				CLANG_WARN_BLOCK_CAPTURE_AUTORELEASING = YES;
				CLANG_WARN_BOOL_CONVERSION = YES;
				CLANG_WARN_COMMA = YES;
				CLANG_WARN_CONSTANT_CONVERSION = YES;
				CLANG_WARN_DEPRECATED_OBJC_IMPLEMENTATIONS = YES;
				CLANG_WARN_DIRECT_OBJC_ISA_USAGE = YES_ERROR;
				CLANG_WARN_DOCUMENTATION_COMMENTS = YES;
				CLANG_WARN_EMPTY_BODY = YES;
				CLANG_WARN_ENUM_CONVERSION = YES;
				CLANG_WARN_INFINITE_RECURSION = YES;
				CLANG_WARN_INT_CONVERSION = YES;
				CLANG_WARN_NON_LITERAL_NULL_CONVERSION = YES;
				CLANG_WARN_OBJC_IMPLICIT_RETAIN_SELF = YES;
				CLANG_WARN_OBJC_LITERAL_CONVERSION = YES;
				CLANG_WARN_OBJC_ROOT_CLASS = YES_ERROR;
				CLANG_WARN_QUOTED_INCLUDE_IN_FRAMEWORK_HEADER = YES;
				CLANG_WARN_RANGE_LOOP_ANALYSIS = YES;
				CLANG_WARN_STRICT_PROTOTYPES = YES;
				CLANG_WARN_SUSPICIOUS_MOVE = YES;
				CLANG_WARN_UNGUARDED_AVAILABILITY = YES_AGGRESSIVE;
				CLANG_WARN_UNREACHABLE_CODE = YES;
				CLANG_WARN__DUPLICATE_METHOD_MATCH = YES;
				COPY_PHASE_STRIP = NO;
				DEBUG_INFORMATION_FORMAT = dwarf;
				ENABLE_STRICT_OBJC_MSGSEND = YES;
				ENABLE_TESTABILITY = YES;
				GCC_C_LANGUAGE_STANDARD = gnu11;
				GCC_DYNAMIC_NO_PIC = NO;
				GCC_NO_COMMON_BLOCKS = YES;
				GCC_OPTIMIZATION_LEVEL = 0;
				GCC_PREPROCESSOR_DEFINITIONS = (
					"DEBUG=1",
					"$(inherited)",
				);
				GCC_WARN_64_TO_32_BIT_CONVERSION = YES;
				GCC_WARN_ABOUT_RETURN_TYPE = YES_ERROR;
				GCC_WARN_UNDECLARED_SELECTOR = YES;
				GCC_WARN_UNINITIALIZED_AUTOS = YES_AGGRESSIVE;
				GCC_WARN_UNUSED_FUNCTION = YES;
				GCC_WARN_UNUSED_VARIABLE = YES;
				IPHONEOS_DEPLOYMENT_TARGET = 15.5;
				MTL_ENABLE_DEBUG_INFO = INCLUDE_SOURCE;
				MTL_FAST_MATH = YES;
				ONLY_ACTIVE_ARCH = YES;
				SDKROOT = iphoneos;
				SWIFT_ACTIVE_COMPILATION_CONDITIONS = DEBUG;
				SWIFT_OPTIMIZATION_LEVEL = "-Onone";
			};
			name = Debug;
		};
		55521E1528A744EF009C7B14 /* Release */ = {
			isa = XCBuildConfiguration;
			buildSettings = {
				ALWAYS_SEARCH_USER_PATHS = NO;
				CLANG_ANALYZER_NONNULL = YES;
				CLANG_ANALYZER_NUMBER_OBJECT_CONVERSION = YES_AGGRESSIVE;
				CLANG_CXX_LANGUAGE_STANDARD = "gnu++17";
				CLANG_ENABLE_MODULES = YES;
				CLANG_ENABLE_OBJC_ARC = YES;
				CLANG_ENABLE_OBJC_WEAK = YES;
				CLANG_WARN_BLOCK_CAPTURE_AUTORELEASING = YES;
				CLANG_WARN_BOOL_CONVERSION = YES;
				CLANG_WARN_COMMA = YES;
				CLANG_WARN_CONSTANT_CONVERSION = YES;
				CLANG_WARN_DEPRECATED_OBJC_IMPLEMENTATIONS = YES;
				CLANG_WARN_DIRECT_OBJC_ISA_USAGE = YES_ERROR;
				CLANG_WARN_DOCUMENTATION_COMMENTS = YES;
				CLANG_WARN_EMPTY_BODY = YES;
				CLANG_WARN_ENUM_CONVERSION = YES;
				CLANG_WARN_INFINITE_RECURSION = YES;
				CLANG_WARN_INT_CONVERSION = YES;
				CLANG_WARN_NON_LITERAL_NULL_CONVERSION = YES;
				CLANG_WARN_OBJC_IMPLICIT_RETAIN_SELF = YES;
				CLANG_WARN_OBJC_LITERAL_CONVERSION = YES;
				CLANG_WARN_OBJC_ROOT_CLASS = YES_ERROR;
				CLANG_WARN_QUOTED_INCLUDE_IN_FRAMEWORK_HEADER = YES;
				CLANG_WARN_RANGE_LOOP_ANALYSIS = YES;
				CLANG_WARN_STRICT_PROTOTYPES = YES;
				CLANG_WARN_SUSPICIOUS_MOVE = YES;
				CLANG_WARN_UNGUARDED_AVAILABILITY = YES_AGGRESSIVE;
				CLANG_WARN_UNREACHABLE_CODE = YES;
				CLANG_WARN__DUPLICATE_METHOD_MATCH = YES;
				COPY_PHASE_STRIP = NO;
				DEBUG_INFORMATION_FORMAT = "dwarf-with-dsym";
				ENABLE_NS_ASSERTIONS = NO;
				ENABLE_STRICT_OBJC_MSGSEND = YES;
				GCC_C_LANGUAGE_STANDARD = gnu11;
				GCC_NO_COMMON_BLOCKS = YES;
				GCC_WARN_64_TO_32_BIT_CONVERSION = YES;
				GCC_WARN_ABOUT_RETURN_TYPE = YES_ERROR;
				GCC_WARN_UNDECLARED_SELECTOR = YES;
				GCC_WARN_UNINITIALIZED_AUTOS = YES_AGGRESSIVE;
				GCC_WARN_UNUSED_FUNCTION = YES;
				GCC_WARN_UNUSED_VARIABLE = YES;
				IPHONEOS_DEPLOYMENT_TARGET = 15.5;
				MTL_ENABLE_DEBUG_INFO = NO;
				MTL_FAST_MATH = YES;
				SDKROOT = iphoneos;
				SWIFT_COMPILATION_MODE = wholemodule;
				SWIFT_OPTIMIZATION_LEVEL = "-O";
				VALIDATE_PRODUCT = YES;
			};
			name = Release;
		};
		55521E1728A744EF009C7B14 /* Debug */ = {
			isa = XCBuildConfiguration;
			buildSettings = {
				ASSETCATALOG_COMPILER_APPICON_NAME = AppIcon;
				ASSETCATALOG_COMPILER_GLOBAL_ACCENT_COLOR_NAME = AccentColor;
				CODE_SIGN_STYLE = Automatic;
				CURRENT_PROJECT_VERSION = 1;
				DEVELOPMENT_TEAM = 373A73HKHD;
				GENERATE_INFOPLIST_FILE = YES;
				INFOPLIST_FILE = "Taks 1 Izlude/Info.plist";
				INFOPLIST_KEY_UIApplicationSupportsIndirectInputEvents = YES;
				INFOPLIST_KEY_UILaunchStoryboardName = LaunchScreen;
				INFOPLIST_KEY_UIMainStoryboardFile = Main;
				INFOPLIST_KEY_UISupportedInterfaceOrientations_iPad = "UIInterfaceOrientationPortrait UIInterfaceOrientationPortraitUpsideDown UIInterfaceOrientationLandscapeLeft UIInterfaceOrientationLandscapeRight";
				INFOPLIST_KEY_UISupportedInterfaceOrientations_iPhone = "UIInterfaceOrientationPortrait UIInterfaceOrientationLandscapeLeft UIInterfaceOrientationLandscapeRight";
				LD_RUNPATH_SEARCH_PATHS = (
					"$(inherited)",
					"@executable_path/Frameworks",
				);
				MARKETING_VERSION = 1.0;
				PRODUCT_BUNDLE_IDENTIFIER = "com.dandisinaga.Taks-1-Izlude";
				PRODUCT_NAME = "$(TARGET_NAME)";
				SWIFT_EMIT_LOC_STRINGS = YES;
				SWIFT_VERSION = 5.0;
				TARGETED_DEVICE_FAMILY = "1,2";
			};
			name = Debug;
		};
		55521E1828A744EF009C7B14 /* Release */ = {
			isa = XCBuildConfiguration;
			buildSettings = {
				ASSETCATALOG_COMPILER_APPICON_NAME = AppIcon;
				ASSETCATALOG_COMPILER_GLOBAL_ACCENT_COLOR_NAME = AccentColor;
				CODE_SIGN_STYLE = Automatic;
				CURRENT_PROJECT_VERSION = 1;
				DEVELOPMENT_TEAM = 373A73HKHD;
				GENERATE_INFOPLIST_FILE = YES;
				INFOPLIST_FILE = "Taks 1 Izlude/Info.plist";
				INFOPLIST_KEY_UIApplicationSupportsIndirectInputEvents = YES;
				INFOPLIST_KEY_UILaunchStoryboardName = LaunchScreen;
				INFOPLIST_KEY_UIMainStoryboardFile = Main;
				INFOPLIST_KEY_UISupportedInterfaceOrientations_iPad = "UIInterfaceOrientationPortrait UIInterfaceOrientationPortraitUpsideDown UIInterfaceOrientationLandscapeLeft UIInterfaceOrientationLandscapeRight";
				INFOPLIST_KEY_UISupportedInterfaceOrientations_iPhone = "UIInterfaceOrientationPortrait UIInterfaceOrientationLandscapeLeft UIInterfaceOrientationLandscapeRight";
				LD_RUNPATH_SEARCH_PATHS = (
					"$(inherited)",
					"@executable_path/Frameworks",
				);
				MARKETING_VERSION = 1.0;
				PRODUCT_BUNDLE_IDENTIFIER = "com.dandisinaga.Taks-1-Izlude";
				PRODUCT_NAME = "$(TARGET_NAME)";
				SWIFT_EMIT_LOC_STRINGS = YES;
				SWIFT_VERSION = 5.0;
				TARGETED_DEVICE_FAMILY = "1,2";
			};
			name = Release;
		};
		55521E1A28A744EF009C7B14 /* Debug */ = {
			isa = XCBuildConfiguration;
			buildSettings = {
				ALWAYS_EMBED_SWIFT_STANDARD_LIBRARIES = YES;
				BUNDLE_LOADER = "$(TEST_HOST)";
				CODE_SIGN_STYLE = Automatic;
				CURRENT_PROJECT_VERSION = 1;
				DEVELOPMENT_TEAM = 373A73HKHD;
				GENERATE_INFOPLIST_FILE = YES;
				IPHONEOS_DEPLOYMENT_TARGET = 15.5;
				MARKETING_VERSION = 1.0;
				PRODUCT_BUNDLE_IDENTIFIER = "com.dandisinaga.Taks-1-IzludeTests";
				PRODUCT_NAME = "$(TARGET_NAME)";
				SWIFT_EMIT_LOC_STRINGS = NO;
				SWIFT_VERSION = 5.0;
				TARGETED_DEVICE_FAMILY = "1,2";
				TEST_HOST = "$(BUILT_PRODUCTS_DIR)/Taks 1 Izlude.app/Taks 1 Izlude";
			};
			name = Debug;
		};
		55521E1B28A744EF009C7B14 /* Release */ = {
			isa = XCBuildConfiguration;
			buildSettings = {
				ALWAYS_EMBED_SWIFT_STANDARD_LIBRARIES = YES;
				BUNDLE_LOADER = "$(TEST_HOST)";
				CODE_SIGN_STYLE = Automatic;
				CURRENT_PROJECT_VERSION = 1;
				DEVELOPMENT_TEAM = 373A73HKHD;
				GENERATE_INFOPLIST_FILE = YES;
				IPHONEOS_DEPLOYMENT_TARGET = 15.5;
				MARKETING_VERSION = 1.0;
				PRODUCT_BUNDLE_IDENTIFIER = "com.dandisinaga.Taks-1-IzludeTests";
				PRODUCT_NAME = "$(TARGET_NAME)";
				SWIFT_EMIT_LOC_STRINGS = NO;
				SWIFT_VERSION = 5.0;
				TARGETED_DEVICE_FAMILY = "1,2";
				TEST_HOST = "$(BUILT_PRODUCTS_DIR)/Taks 1 Izlude.app/Taks 1 Izlude";
			};
			name = Release;
		};
		55521E1D28A744EF009C7B14 /* Debug */ = {
			isa = XCBuildConfiguration;
			buildSettings = {
				ALWAYS_EMBED_SWIFT_STANDARD_LIBRARIES = YES;
				CODE_SIGN_STYLE = Automatic;
				CURRENT_PROJECT_VERSION = 1;
				DEVELOPMENT_TEAM = 373A73HKHD;
				GENERATE_INFOPLIST_FILE = YES;
				MARKETING_VERSION = 1.0;
				PRODUCT_BUNDLE_IDENTIFIER = "com.dandisinaga.Taks-1-IzludeUITests";
				PRODUCT_NAME = "$(TARGET_NAME)";
				SWIFT_EMIT_LOC_STRINGS = NO;
				SWIFT_VERSION = 5.0;
				TARGETED_DEVICE_FAMILY = "1,2";
				TEST_TARGET_NAME = "Taks 1 Izlude";
			};
			name = Debug;
		};
		55521E1E28A744EF009C7B14 /* Release */ = {
			isa = XCBuildConfiguration;
			buildSettings = {
				ALWAYS_EMBED_SWIFT_STANDARD_LIBRARIES = YES;
				CODE_SIGN_STYLE = Automatic;
				CURRENT_PROJECT_VERSION = 1;
				DEVELOPMENT_TEAM = 373A73HKHD;
				GENERATE_INFOPLIST_FILE = YES;
				MARKETING_VERSION = 1.0;
				PRODUCT_BUNDLE_IDENTIFIER = "com.dandisinaga.Taks-1-IzludeUITests";
				PRODUCT_NAME = "$(TARGET_NAME)";
				SWIFT_EMIT_LOC_STRINGS = NO;
				SWIFT_VERSION = 5.0;
				TARGETED_DEVICE_FAMILY = "1,2";
				TEST_TARGET_NAME = "Taks 1 Izlude";
			};
			name = Release;
		};
/* End XCBuildConfiguration section */

/* Begin XCConfigurationList section */
		55521DE728A744EC009C7B14 /* Build configuration list for PBXProject "Taks 1 Izlude" */ = {
			isa = XCConfigurationList;
			buildConfigurations = (
				55521E1428A744EF009C7B14 /* Debug */,
				55521E1528A744EF009C7B14 /* Release */,
			);
			defaultConfigurationIsVisible = 0;
			defaultConfigurationName = Release;
		};
		55521E1628A744EF009C7B14 /* Build configuration list for PBXNativeTarget "Taks 1 Izlude" */ = {
			isa = XCConfigurationList;
			buildConfigurations = (
				55521E1728A744EF009C7B14 /* Debug */,
				55521E1828A744EF009C7B14 /* Release */,
			);
			defaultConfigurationIsVisible = 0;
			defaultConfigurationName = Release;
		};
		55521E1928A744EF009C7B14 /* Build configuration list for PBXNativeTarget "Taks 1 IzludeTests" */ = {
			isa = XCConfigurationList;
			buildConfigurations = (
				55521E1A28A744EF009C7B14 /* Debug */,
				55521E1B28A744EF009C7B14 /* Release */,
			);
			defaultConfigurationIsVisible = 0;
			defaultConfigurationName = Release;
		};
		55521E1C28A744EF009C7B14 /* Build configuration list for PBXNativeTarget "Taks 1 IzludeUITests" */ = {
			isa = XCConfigurationList;
			buildConfigurations = (
				55521E1D28A744EF009C7B14 /* Debug */,
				55521E1E28A744EF009C7B14 /* Release */,
			);
			defaultConfigurationIsVisible = 0;
			defaultConfigurationName = Release;
		};
/* End XCConfigurationList section */
	};
	rootObject = 55521DE428A744EC009C7B14 /* Project object */;
}
